github.com/mattn/go-runewidth v0.0.16 h1:E5ScNMtiwvlvB5paMFdw9p4kSQzbXFikJ5SQO6TULQc=
github.com/mattn/go-runewidth v0.0.16/go.mod h1:Jdepj2loyihRzMpdS35Xk/zdY8IAYHsh153qUoGf23w=
github.com/pschou/go-params v0.0.0-20240104134853-225c817afb69 h1:IG1MpLiUP9a+mRCJd70MTHtbWWDNU+xKl2BDvcIlS/Q=
github.com/pschou/go-params v0.0.0-20240104134853-225c817afb69/go.mod h1:kqNkpjmn8DxDO8Tt7NxX3u5gGUtf+41EXepNOsMlJGE=
github.com/rivo/uniseg v0.2.0 h1:S1pD9weZBuJdFmowNwbpi7BJ8TNftyUImj/0WQi72jY=
github.com/rivo/uniseg v0.2.0/go.mod h1:J6wj4VEh+S6ZtnVlnTBMWIodfgj8LQOQFoIToxlJtxc=
github.com/xhit/go-str2duration v1.2.0 h1:BcV5u025cITWxEQKGWr1URRzrcXtu7uk8+luz3Yuhwc=
github.com/xhit/go-str2duration v1.2.0/go.mod h1:3cPSlfZlUHVlneIVfePFWcJZsuwf+P1v2SRTV4cUmp4=
